
Microsoft Visual Studio Solution File, Format Version 12.00
# Visual Studio Version 16
VisualStudioVersion = 16.0.29911.84
MinimumVisualStudioVersion = 10.0.40219.1
Project("{E24C65DC-7377-472B-9ABA-BC803B73C61A}") = "WCFService", "WCFService\", "{A2235C4C-4F27-4D58-9171-187F4610806F}"
	ProjectSection(WebsiteProperties) = preProject
		TargetFrameworkMoniker = ".NETFramework,Version%3Dv4.7.2"
		Debug.AspNetCompiler.VirtualPath = "/localhost_28830"
		Debug.AspNetCompiler.PhysicalPath = "WCFService\"
		Debug.AspNetCompiler.TargetPath = "PrecompiledWeb\localhost_28830\"
		Debug.AspNetCompiler.Updateable = "true"
		Debug.AspNetCompiler.ForceOverwrite = "true"
		Debug.AspNetCompiler.FixedNames = "false"
		Debug.AspNetCompiler.Debug = "True"
		Release.AspNetCompiler.VirtualPath = "/localhost_28830"
		Release.AspNetCompiler.PhysicalPath = "WCFService\"
		Release.AspNetCompiler.TargetPath = "PrecompiledWeb\localhost_28830\"
		Release.AspNetCompiler.Updateable = "true"
		Release.AspNetCompiler.ForceOverwrite = "true"
		Release.AspNetCompiler.FixedNames = "false"
		Release.AspNetCompiler.Debug = "False"
		VWDPort = "28830"
		SlnRelativePath = "WCFService\"
		DefaultWebSiteLanguage = "Visual C#"
	EndProjectSection
EndProject
Global
	GlobalSection(SolutionConfigurationPlatforms) = preSolution
		Debug|Any CPU = Debug|Any CPU
	EndGlobalSection
	GlobalSection(ProjectConfigurationPlatforms) = postSolution
		{A2235C4C-4F27-4D58-9171-187F4610806F}.Debug|Any CPU.ActiveCfg = Debug|Any CPU
		{A2235C4C-4F27-4D58-9171-187F4610806F}.Debug|Any CPU.Build.0 = Debug|Any CPU
	EndGlobalSection
	GlobalSection(SolutionProperties) = preSolution
		HideSolutionNode = FALSE
	EndGlobalSection
	GlobalSection(ExtensibilityGlobals) = postSolution
		SolutionGuid = {65A3EC27-5B0D-4497-A0B4-FB7EADB86675}
	EndGlobalSection
EndGlobal
